<?xml version="1.0" encoding="utf-8"?>
<Project ToolsVersion="4.0" xmlns="http://schemas.microsoft.com/developer/msbuild/2003">
  <ItemGroup>
    <Filter Include="Source Files">
      <UniqueIdentifier>{4FC737F1-C7A5-4376-A066-2A32D752A2FF}</UniqueIdentifier>
      <Extensions>cpp;c;cc;cxx;def;odl;idl;hpj;bat;asm;asmx</Extensions>
    </Filter>
    <Filter Include="Header Files">
      <UniqueIdentifier>{93995380-89BD-4b04-88EB-625FBE52EBFB}</UniqueIdentifier>
      <Extensions>h;hpp;hxx;hm;inl;inc;xsd</Extensions>
    </Filter>
    <Filter Include="Resource Files">
      <UniqueIdentifier>{67DA6AB6-F800-4c08-8B7A-83BB121AAD01}</UniqueIdentifier>
      <Extensions>rc;ico;cur;bmp;dlg;rc2;rct;bin;rgs;gif;jpg;jpeg;jpe;resx;tiff;tif;png;wav;mfcribbon-ms</Extensions>
    </Filter>
  </ItemGroup>
  <ItemGroup>
    <ClCompile Include="main.cpp">
      <Filter>Source Files</Filter>
    </ClCompile>
    <ClCompile Include="GameRoom.cpp">
      <Filter>Source Files</Filter>
    </ClCompile>
    <ClCompile Include="Render.cpp">
      <Filter>Source Files</Filter>
    </ClCompile>
    <ClCompile Include="RoomBuilder.cpp">
      <Filter>Source Files</Filter>
    </ClCompile>
    <ClCompile Include="GameDebug.cpp">
      <Filter>Source Files</Filter>
    </ClCompile>
    <ClCompile Include="shader_utils.cpp">
      <Filter>Source Files</Filter>
    </ClCompile>
    <ClCompile Include="bloom_utils.cpp">
      <Filter>Source Files</Filter>
    </ClCompile>
    <ClCompile Include="projectile_particles.cpp">
      <Filter>Source Files</Filter>
    </ClCompile>
  </ItemGroup>
  <ItemGroup>
    <ClInclude Include="Mesh.h">
      <Filter>Header Files</Filter>
    </ClInclude>
    <ClInclude Include="LocationDefines.h">
      <Filter>Header Files</Filter>
    </ClInclude>
    <ClInclude Include="Render.h">
      <Filter>Header Files</Filter>
    </ClInclude>
    <ClInclude Include="RoomBuilder.h">
      <Filter>Header Files</Filter>
    </ClInclude>
    <ClInclude Include="shader_utils.h">
      <Filter>Header Files</Filter>
    </ClInclude>
    <ClInclude Include="bloom_utils.h">
      <Filter>Header Files</Filter>
    </ClInclude>
    <ClInclude Include="projectile_particles.h">
      <Filter>Header Files</Filter>
    </ClInclude>
    <ClInclude Include="TextIOHelpers.h">
      <Filter>Header Files</Filter>
    </ClInclude>
    <ClInclude Include="GameObjectHeaderList.h">
      <Filter>Header Files</Filter>
    </ClInclude>
    <ClInclude Include="GameActiveObject.h">
      <Filter>Header Files</Filter>
    </ClInclude>
    <ClInclude Include="GameDoor.h">
      <Filter>Header Files</Filter>
    </ClInclude>
    <ClInclude Include="GameItem.h">
      <Filter>Header Files</Filter>
    </ClInclude>
    <ClInclude Include="GameLight.h">
      <Filter>Header Files</Filter>
    </ClInclude>
    <ClInclude Include="GameObject.h">
      <Filter>Header Files</Filter>
    </ClInclude>
    <ClInclude Include="GameRoom.h">
      <Filter>Header Files</Filter>
    </ClInclude>
    <ClInclude Include="GameState.h">
      <Filter>Header Files</Filter>
    </ClInclude>
    <ClInclude Include="GameWorldObject.h">
      <Filter>Header Files</Filter>
    </ClInclude>
    <ClInclude Include="GameCamera.h">
      <Filter>Header Files</Filter>
    </ClInclude>
  </ItemGroup>
</Project>