
Microsoft Visual Studio Solution File, Format Version 12.00
# Visual Studio 2012
Project("{8BC9CEB8-8B4A-11D0-8D11-00A0C91BC942}") = "Physics", "Physics\Physics.vcxproj", "{ABA4E7D6-36CA-4518-9E85-E43C3D62C0CA}"
EndProject
Global
	GlobalSection(SolutionConfigurationPlatforms) = preSolution
		Debug|Win32 = Debug|Win32
		Release|Win32 = Release|Win32
	EndGlobalSection
	GlobalSection(ProjectConfigurationPlatforms) = postSolution
		{ABA4E7D6-36CA-4518-9E85-E43C3D62C0CA}.Debug|Win32.ActiveCfg = Debug|Win32
		{ABA4E7D6-36CA-4518-9E85-E43C3D62C0CA}.Debug|Win32.Build.0 = Debug|Win32
		{ABA4E7D6-36CA-4518-9E85-E43C3D62C0CA}.Release|Win32.ActiveCfg = Release|Win32
		{ABA4E7D6-36CA-4518-9E85-E43C3D62C0CA}.Release|Win32.Build.0 = Release|Win32
	EndGlobalSection
	GlobalSection(SolutionProperties) = preSolution
		HideSolutionNode = FALSE
	EndGlobalSection
EndGlobal
